// !$*UTF8*$!
{
	archiveVersion = 1;
	classes = {
	};
	objectVersion = 56;
	objects = {

/* Begin PBXBuildFile section */
		5422F2D82C12BE210093932B /* AppDelegate.swift in Sources */ = {isa = PBXBuildFile; fileRef = 5422F2D72C12BE210093932B /* AppDelegate.swift */; };
		5422F2DA2C12BE210093932B /* SceneDelegate.swift in Sources */ = {isa = PBXBuildFile; fileRef = 5422F2D92C12BE210093932B /* SceneDelegate.swift */; };
		5422F2DC2C12BE210093932B /* SelectViewController.swift in Sources */ = {isa = PBXBuildFile; fileRef = 5422F2DB2C12BE210093932B /* SelectViewController.swift */; };
		5422F2E12C12BE230093932B /* Assets.xcassets in Resources */ = {isa = PBXBuildFile; fileRef = 5422F2E02C12BE230093932B /* Assets.xcassets */; };
		5422F2E42C12BE230093932B /* Base in Resources */ = {isa = PBXBuildFile; fileRef = 5422F2E32C12BE230093932B /* Base */; };
		5422F2EC2C12C0650093932B /* UIColor+Extension.swift in Sources */ = {isa = PBXBuildFile; fileRef = 5422F2EB2C12C0650093932B /* UIColor+Extension.swift */; };
		5422F2EF2C12C1270093932B /* BaseViewController.swift in Sources */ = {isa = PBXBuildFile; fileRef = 5422F2EE2C12C1270093932B /* BaseViewController.swift */; };
		544BE7E02C12C29300F2D4E9 /* SnapKit in Frameworks */ = {isa = PBXBuildFile; productRef = 544BE7DF2C12C29300F2D4E9 /* SnapKit */; };
		544BE7E22C12C3B200F2D4E9 /* SelectViewCell.swift in Sources */ = {isa = PBXBuildFile; fileRef = 544BE7E12C12C3B200F2D4E9 /* SelectViewCell.swift */; };
		544BE7E42C12C61300F2D4E9 /* UICollectionViewCell+Extension.swift in Sources */ = {isa = PBXBuildFile; fileRef = 544BE7E32C12C61300F2D4E9 /* UICollectionViewCell+Extension.swift */; };
		544BE7E62C12C62600F2D4E9 /* ReusableProtocol.swift in Sources */ = {isa = PBXBuildFile; fileRef = 544BE7E52C12C62600F2D4E9 /* ReusableProtocol.swift */; };
		544BE7EA2C12D07700F2D4E9 /* UIPaddingLabel.swift in Sources */ = {isa = PBXBuildFile; fileRef = 544BE7E92C12D07700F2D4E9 /* UIPaddingLabel.swift */; };
		544BE7EF2C12D23B00F2D4E9 /* Tamagotchi.swift in Sources */ = {isa = PBXBuildFile; fileRef = 544BE7EE2C12D23B00F2D4E9 /* Tamagotchi.swift */; };
/* End PBXBuildFile section */

/* Begin PBXFileReference section */
		5422F2D42C12BE210093932B /* Tamagotchi.app */ = {isa = PBXFileReference; explicitFileType = wrapper.application; includeInIndex = 0; path = Tamagotchi.app; sourceTree = BUILT_PRODUCTS_DIR; };
		5422F2D72C12BE210093932B /* AppDelegate.swift */ = {isa = PBXFileReference; lastKnownFileType = sourcecode.swift; path = AppDelegate.swift; sourceTree = "<group>"; };
		5422F2D92C12BE210093932B /* SceneDelegate.swift */ = {isa = PBXFileReference; lastKnownFileType = sourcecode.swift; path = SceneDelegate.swift; sourceTree = "<group>"; };
		5422F2DB2C12BE210093932B /* SelectViewController.swift */ = {isa = PBXFileReference; lastKnownFileType = sourcecode.swift; path = SelectViewController.swift; sourceTree = "<group>"; };
		5422F2E02C12BE230093932B /* Assets.xcassets */ = {isa = PBXFileReference; lastKnownFileType = folder.assetcatalog; path = Assets.xcassets; sourceTree = "<group>"; };
		5422F2E32C12BE230093932B /* Base */ = {isa = PBXFileReference; lastKnownFileType = file.storyboard; name = Base; path = Base.lproj/LaunchScreen.storyboard; sourceTree = "<group>"; };
		5422F2E52C12BE230093932B /* Info.plist */ = {isa = PBXFileReference; lastKnownFileType = text.plist.xml; path = Info.plist; sourceTree = "<group>"; };
		5422F2EB2C12C0650093932B /* UIColor+Extension.swift */ = {isa = PBXFileReference; lastKnownFileType = sourcecode.swift; path = "UIColor+Extension.swift"; sourceTree = "<group>"; };
		5422F2EE2C12C1270093932B /* BaseViewController.swift */ = {isa = PBXFileReference; lastKnownFileType = sourcecode.swift; path = BaseViewController.swift; sourceTree = "<group>"; };
		544BE7E12C12C3B200F2D4E9 /* SelectViewCell.swift */ = {isa = PBXFileReference; lastKnownFileType = sourcecode.swift; path = SelectViewCell.swift; sourceTree = "<group>"; };
		544BE7E32C12C61300F2D4E9 /* UICollectionViewCell+Extension.swift */ = {isa = PBXFileReference; lastKnownFileType = sourcecode.swift; path = "UICollectionViewCell+Extension.swift"; sourceTree = "<group>"; };
		544BE7E52C12C62600F2D4E9 /* ReusableProtocol.swift */ = {isa = PBXFileReference; lastKnownFileType = sourcecode.swift; path = ReusableProtocol.swift; sourceTree = "<group>"; };
		544BE7E92C12D07700F2D4E9 /* UIPaddingLabel.swift */ = {isa = PBXFileReference; lastKnownFileType = sourcecode.swift; path = UIPaddingLabel.swift; sourceTree = "<group>"; };
		544BE7EE2C12D23B00F2D4E9 /* Tamagotchi.swift */ = {isa = PBXFileReference; lastKnownFileType = sourcecode.swift; path = Tamagotchi.swift; sourceTree = "<group>"; };
/* End PBXFileReference section */

/* Begin PBXFrameworksBuildPhase section */
		5422F2D12C12BE210093932B /* Frameworks */ = {
			isa = PBXFrameworksBuildPhase;
			buildActionMask = 2147483647;
			files = (
				544BE7E02C12C29300F2D4E9 /* SnapKit in Frameworks */,
			);
			runOnlyForDeploymentPostprocessing = 0;
		};
/* End PBXFrameworksBuildPhase section */

/* Begin PBXGroup section */
		5422F2CB2C12BE210093932B = {
			isa = PBXGroup;
			children = (
				5422F2D62C12BE210093932B /* Tamagotchi */,
				5422F2D52C12BE210093932B /* Products */,
			);
			sourceTree = "<group>";
		};
		5422F2D52C12BE210093932B /* Products */ = {
			isa = PBXGroup;
			children = (
				5422F2D42C12BE210093932B /* Tamagotchi.app */,
			);
			name = Products;
			sourceTree = "<group>";
		};
		5422F2D62C12BE210093932B /* Tamagotchi */ = {
			isa = PBXGroup;
			children = (
				544BE7ED2C12D23300F2D4E9 /* Model */,
				5422F2F02C12C12B0093932B /* Class */,
				5422F2ED2C12C0680093932B /* Extension */,
				544BE7E72C12D05F00F2D4E9 /* Protocol */,
				5422F2D72C12BE210093932B /* AppDelegate.swift */,
				5422F2D92C12BE210093932B /* SceneDelegate.swift */,
				5422F2DB2C12BE210093932B /* SelectViewController.swift */,
				544BE7E12C12C3B200F2D4E9 /* SelectViewCell.swift */,
				5422F2E02C12BE230093932B /* Assets.xcassets */,
				5422F2E22C12BE230093932B /* LaunchScreen.storyboard */,
				5422F2E52C12BE230093932B /* Info.plist */,
			);
			path = Tamagotchi;
			sourceTree = "<group>";
		};
		5422F2ED2C12C0680093932B /* Extension */ = {
			isa = PBXGroup;
			children = (
				5422F2EB2C12C0650093932B /* UIColor+Extension.swift */,
				544BE7E32C12C61300F2D4E9 /* UICollectionViewCell+Extension.swift */,
			);
			path = Extension;
			sourceTree = "<group>";
		};
		5422F2F02C12C12B0093932B /* Class */ = {
			isa = PBXGroup;
			children = (
				5422F2EE2C12C1270093932B /* BaseViewController.swift */,
				544BE7E92C12D07700F2D4E9 /* UIPaddingLabel.swift */,
			);
			path = Class;
			sourceTree = "<group>";
		};
		544BE7E72C12D05F00F2D4E9 /* Protocol */ = {
			isa = PBXGroup;
			children = (
				544BE7E52C12C62600F2D4E9 /* ReusableProtocol.swift */,
			);
			path = Protocol;
			sourceTree = "<group>";
		};
		544BE7ED2C12D23300F2D4E9 /* Model */ = {
			isa = PBXGroup;
			children = (
				544BE7EE2C12D23B00F2D4E9 /* Tamagotchi.swift */,
			);
			path = Model;
			sourceTree = "<group>";
		};
/* End PBXGroup section */

/* Begin PBXNativeTarget section */
		5422F2D32C12BE210093932B /* Tamagotchi */ = {
			isa = PBXNativeTarget;
			buildConfigurationList = 5422F2E82C12BE230093932B /* Build configuration list for PBXNativeTarget "Tamagotchi" */;
			buildPhases = (
				5422F2D02C12BE210093932B /* Sources */,
				5422F2D12C12BE210093932B /* Frameworks */,
				5422F2D22C12BE210093932B /* Resources */,
			);
			buildRules = (
			);
			dependencies = (
			);
			name = Tamagotchi;
			packageProductDependencies = (
				544BE7DF2C12C29300F2D4E9 /* SnapKit */,
			);
			productName = Tamagotchi;
			productReference = 5422F2D42C12BE210093932B /* Tamagotchi.app */;
			productType = "com.apple.product-type.application";
		};
/* End PBXNativeTarget section */

/* Begin PBXProject section */
		5422F2CC2C12BE210093932B /* Project object */ = {
			isa = PBXProject;
			attributes = {
				BuildIndependentTargetsInParallel = 1;
				LastSwiftUpdateCheck = 1530;
				LastUpgradeCheck = 1530;
				TargetAttributes = {
					5422F2D32C12BE210093932B = {
						CreatedOnToolsVersion = 15.3;
					};
				};
			};
			buildConfigurationList = 5422F2CF2C12BE210093932B /* Build configuration list for PBXProject "Tamagotchi" */;
			compatibilityVersion = "Xcode 14.0";
			developmentRegion = en;
			hasScannedForEncodings = 0;
			knownRegions = (
				en,
				Base,
			);
			mainGroup = 5422F2CB2C12BE210093932B;
			packageReferences = (
				544BE7DE2C12C29300F2D4E9 /* XCRemoteSwiftPackageReference "SnapKit" */,
			);
			productRefGroup = 5422F2D52C12BE210093932B /* Products */;
			projectDirPath = "";
			projectRoot = "";
			targets = (
				5422F2D32C12BE210093932B /* Tamagotchi */,
			);
		};
/* End PBXProject section */

/* Begin PBXResourcesBuildPhase section */
		5422F2D22C12BE210093932B /* Resources */ = {
			isa = PBXResourcesBuildPhase;
			buildActionMask = 2147483647;
			files = (
				5422F2E12C12BE230093932B /* Assets.xcassets in Resources */,
				5422F2E42C12BE230093932B /* Base in Resources */,
			);
			runOnlyForDeploymentPostprocessing = 0;
		};
/* End PBXResourcesBuildPhase section */

/* Begin PBXSourcesBuildPhase section */
		5422F2D02C12BE210093932B /* Sources */ = {
			isa = PBXSourcesBuildPhase;
			buildActionMask = 2147483647;
			files = (
				544BE7E22C12C3B200F2D4E9 /* SelectViewCell.swift in Sources */,
				5422F2EF2C12C1270093932B /* BaseViewController.swift in Sources */,
				544BE7E42C12C61300F2D4E9 /* UICollectionViewCell+Extension.swift in Sources */,
				5422F2DC2C12BE210093932B /* SelectViewController.swift in Sources */,
				544BE7EF2C12D23B00F2D4E9 /* Tamagotchi.swift in Sources */,
				544BE7EA2C12D07700F2D4E9 /* UIPaddingLabel.swift in Sources */,
				5422F2D82C12BE210093932B /* AppDelegate.swift in Sources */,
				5422F2DA2C12BE210093932B /* SceneDelegate.swift in Sources */,
				544BE7E62C12C62600F2D4E9 /* ReusableProtocol.swift in Sources */,
				5422F2EC2C12C0650093932B /* UIColor+Extension.swift in Sources */,
			);
			runOnlyForDeploymentPostprocessing = 0;
		};
/* End PBXSourcesBuildPhase section */

/* Begin PBXVariantGroup section */
		5422F2E22C12BE230093932B /* LaunchScreen.storyboard */ = {
			isa = PBXVariantGroup;
			children = (
				5422F2E32C12BE230093932B /* Base */,
			);
			name = LaunchScreen.storyboard;
			sourceTree = "<group>";
		};
/* End PBXVariantGroup section */

/* Begin XCBuildConfiguration section */
		5422F2E62C12BE230093932B /* Debug */ = {
			isa = XCBuildConfiguration;
			buildSettings = {
				ALWAYS_SEARCH_USER_PATHS = NO;
				ASSETCATALOG_COMPILER_GENERATE_SWIFT_ASSET_SYMBOL_EXTENSIONS = YES;
				CLANG_ANALYZER_NONNULL = YES;
				CLANG_ANALYZER_NUMBER_OBJECT_CONVERSION = YES_AGGRESSIVE;
				CLANG_CXX_LANGUAGE_STANDARD = "gnu++20";
				CLANG_ENABLE_MODULES = YES;
				CLANG_ENABLE_OBJC_ARC = YES;
				CLANG_ENABLE_OBJC_WEAK = YES;
				CLANG_WARN_BLOCK_CAPTURE_AUTORELEASING = YES;
				CLANG_WARN_BOOL_CONVERSION = YES;
				CLANG_WARN_COMMA = YES;
				CLANG_WARN_CONSTANT_CONVERSION = YES;
				CLANG_WARN_DEPRECATED_OBJC_IMPLEMENTATIONS = YES;
				CLANG_WARN_DIRECT_OBJC_ISA_USAGE = YES_ERROR;
				CLANG_WARN_DOCUMENTATION_COMMENTS = YES;
				CLANG_WARN_EMPTY_BODY = YES;
				CLANG_WARN_ENUM_CONVERSION = YES;
				CLANG_WARN_INFINITE_RECURSION = YES;
				CLANG_WARN_INT_CONVERSION = YES;
				CLANG_WARN_NON_LITERAL_NULL_CONVERSION = YES;
				CLANG_WARN_OBJC_IMPLICIT_RETAIN_SELF = YES;
				CLANG_WARN_OBJC_LITERAL_CONVERSION = YES;
				CLANG_WARN_OBJC_ROOT_CLASS = YES_ERROR;
				CLANG_WARN_QUOTED_INCLUDE_IN_FRAMEWORK_HEADER = YES;
				CLANG_WARN_RANGE_LOOP_ANALYSIS = YES;
				CLANG_WARN_STRICT_PROTOTYPES = YES;
				CLANG_WARN_SUSPICIOUS_MOVE = YES;
				CLANG_WARN_UNGUARDED_AVAILABILITY = YES_AGGRESSIVE;
				CLANG_WARN_UNREACHABLE_CODE = YES;
				CLANG_WARN__DUPLICATE_METHOD_MATCH = YES;
				COPY_PHASE_STRIP = NO;
				DEBUG_INFORMATION_FORMAT = dwarf;
				ENABLE_STRICT_OBJC_MSGSEND = YES;
				ENABLE_TESTABILITY = YES;
				ENABLE_USER_SCRIPT_SANDBOXING = YES;
				GCC_C_LANGUAGE_STANDARD = gnu17;
				GCC_DYNAMIC_NO_PIC = NO;
				GCC_NO_COMMON_BLOCKS = YES;
				GCC_OPTIMIZATION_LEVEL = 0;
				GCC_PREPROCESSOR_DEFINITIONS = (
					"DEBUG=1",
					"$(inherited)",
				);
				GCC_WARN_64_TO_32_BIT_CONVERSION = YES;
				GCC_WARN_ABOUT_RETURN_TYPE = YES_ERROR;
				GCC_WARN_UNDECLARED_SELECTOR = YES;
				GCC_WARN_UNINITIALIZED_AUTOS = YES_AGGRESSIVE;
				GCC_WARN_UNUSED_FUNCTION = YES;
				GCC_WARN_UNUSED_VARIABLE = YES;
				IPHONEOS_DEPLOYMENT_TARGET = 17.4;
				LOCALIZATION_PREFERS_STRING_CATALOGS = YES;
				MTL_ENABLE_DEBUG_INFO = INCLUDE_SOURCE;
				MTL_FAST_MATH = YES;
				ONLY_ACTIVE_ARCH = YES;
				SDKROOT = iphoneos;
				SWIFT_ACTIVE_COMPILATION_CONDITIONS = "DEBUG $(inherited)";
				SWIFT_OPTIMIZATION_LEVEL = "-Onone";
			};
			name = Debug;
		};
		5422F2E72C12BE230093932B /* Release */ = {
			isa = XCBuildConfiguration;
			buildSettings = {
				ALWAYS_SEARCH_USER_PATHS = NO;
				ASSETCATALOG_COMPILER_GENERATE_SWIFT_ASSET_SYMBOL_EXTENSIONS = YES;
				CLANG_ANALYZER_NONNULL = YES;
				CLANG_ANALYZER_NUMBER_OBJECT_CONVERSION = YES_AGGRESSIVE;
				CLANG_CXX_LANGUAGE_STANDARD = "gnu++20";
				CLANG_ENABLE_MODULES = YES;
				CLANG_ENABLE_OBJC_ARC = YES;
				CLANG_ENABLE_OBJC_WEAK = YES;
				CLANG_WARN_BLOCK_CAPTURE_AUTORELEASING = YES;
				CLANG_WARN_BOOL_CONVERSION = YES;
				CLANG_WARN_COMMA = YES;
				CLANG_WARN_CONSTANT_CONVERSION = YES;
				CLANG_WARN_DEPRECATED_OBJC_IMPLEMENTATIONS = YES;
				CLANG_WARN_DIRECT_OBJC_ISA_USAGE = YES_ERROR;
				CLANG_WARN_DOCUMENTATION_COMMENTS = YES;
				CLANG_WARN_EMPTY_BODY = YES;
				CLANG_WARN_ENUM_CONVERSION = YES;
				CLANG_WARN_INFINITE_RECURSION = YES;
				CLANG_WARN_INT_CONVERSION = YES;
				CLANG_WARN_NON_LITERAL_NULL_CONVERSION = YES;
				CLANG_WARN_OBJC_IMPLICIT_RETAIN_SELF = YES;
				CLANG_WARN_OBJC_LITERAL_CONVERSION = YES;
				CLANG_WARN_OBJC_ROOT_CLASS = YES_ERROR;
				CLANG_WARN_QUOTED_INCLUDE_IN_FRAMEWORK_HEADER = YES;
				CLANG_WARN_RANGE_LOOP_ANALYSIS = YES;
				CLANG_WARN_STRICT_PROTOTYPES = YES;
				CLANG_WARN_SUSPICIOUS_MOVE = YES;
				CLANG_WARN_UNGUARDED_AVAILABILITY = YES_AGGRESSIVE;
				CLANG_WARN_UNREACHABLE_CODE = YES;
				CLANG_WARN__DUPLICATE_METHOD_MATCH = YES;
				COPY_PHASE_STRIP = NO;
				DEBUG_INFORMATION_FORMAT = "dwarf-with-dsym";
				ENABLE_NS_ASSERTIONS = NO;
				ENABLE_STRICT_OBJC_MSGSEND = YES;
				ENABLE_USER_SCRIPT_SANDBOXING = YES;
				GCC_C_LANGUAGE_STANDARD = gnu17;
				GCC_NO_COMMON_BLOCKS = YES;
				GCC_WARN_64_TO_32_BIT_CONVERSION = YES;
				GCC_WARN_ABOUT_RETURN_TYPE = YES_ERROR;
				GCC_WARN_UNDECLARED_SELECTOR = YES;
				GCC_WARN_UNINITIALIZED_AUTOS = YES_AGGRESSIVE;
				GCC_WARN_UNUSED_FUNCTION = YES;
				GCC_WARN_UNUSED_VARIABLE = YES;
				IPHONEOS_DEPLOYMENT_TARGET = 17.4;
				LOCALIZATION_PREFERS_STRING_CATALOGS = YES;
				MTL_ENABLE_DEBUG_INFO = NO;
				MTL_FAST_MATH = YES;
				SDKROOT = iphoneos;
				SWIFT_COMPILATION_MODE = wholemodule;
				VALIDATE_PRODUCT = YES;
			};
			name = Release;
		};
		5422F2E92C12BE230093932B /* Debug */ = {
			isa = XCBuildConfiguration;
			buildSettings = {
				ASSETCATALOG_COMPILER_APPICON_NAME = AppIcon;
				ASSETCATALOG_COMPILER_GLOBAL_ACCENT_COLOR_NAME = AccentColor;
				CODE_SIGN_STYLE = Automatic;
				CURRENT_PROJECT_VERSION = 1;
				GENERATE_INFOPLIST_FILE = YES;
				INFOPLIST_FILE = Tamagotchi/Info.plist;
				INFOPLIST_KEY_UIApplicationSupportsIndirectInputEvents = YES;
				INFOPLIST_KEY_UILaunchStoryboardName = LaunchScreen;
				INFOPLIST_KEY_UISupportedInterfaceOrientations = UIInterfaceOrientationPortrait;
				INFOPLIST_KEY_UISupportedInterfaceOrientations_iPad = "UIInterfaceOrientationLandscapeLeft UIInterfaceOrientationLandscapeRight UIInterfaceOrientationPortrait UIInterfaceOrientationPortraitUpsideDown";
				IPHONEOS_DEPLOYMENT_TARGET = 15.0;
				LD_RUNPATH_SEARCH_PATHS = (
					"$(inherited)",
					"@executable_path/Frameworks",
				);
				MARKETING_VERSION = 1.0;
				PRODUCT_BUNDLE_IDENTIFIER = com.lcho3878.Tamagotchi;
				PRODUCT_NAME = "$(TARGET_NAME)";
				SUPPORTED_PLATFORMS = "iphoneos iphonesimulator";
				SUPPORTS_MACCATALYST = NO;
				SUPPORTS_MAC_DESIGNED_FOR_IPHONE_IPAD = NO;
				SUPPORTS_XR_DESIGNED_FOR_IPHONE_IPAD = NO;
				SWIFT_EMIT_LOC_STRINGS = YES;
				SWIFT_VERSION = 5.0;
				TARGETED_DEVICE_FAMILY = 1;
			};
			name = Debug;
		};
		5422F2EA2C12BE230093932B /* Release */ = {
			isa = XCBuildConfiguration;
			buildSettings = {
				ASSETCATALOG_COMPILER_APPICON_NAME = AppIcon;
				ASSETCATALOG_COMPILER_GLOBAL_ACCENT_COLOR_NAME = AccentColor;
				CODE_SIGN_STYLE = Automatic;
				CURRENT_PROJECT_VERSION = 1;
				GENERATE_INFOPLIST_FILE = YES;
				INFOPLIST_FILE = Tamagotchi/Info.plist;
				INFOPLIST_KEY_UIApplicationSupportsIndirectInputEvents = YES;
				INFOPLIST_KEY_UILaunchStoryboardName = LaunchScreen;
				INFOPLIST_KEY_UISupportedInterfaceOrientations = UIInterfaceOrientationPortrait;
				INFOPLIST_KEY_UISupportedInterfaceOrientations_iPad = "UIInterfaceOrientationLandscapeLeft UIInterfaceOrientationLandscapeRight UIInterfaceOrientationPortrait UIInterfaceOrientationPortraitUpsideDown";
				IPHONEOS_DEPLOYMENT_TARGET = 15.0;
				LD_RUNPATH_SEARCH_PATHS = (
					"$(inherited)",
					"@executable_path/Frameworks",
				);
				MARKETING_VERSION = 1.0;
				PRODUCT_BUNDLE_IDENTIFIER = com.lcho3878.Tamagotchi;
				PRODUCT_NAME = "$(TARGET_NAME)";
				SUPPORTED_PLATFORMS = "iphoneos iphonesimulator";
				SUPPORTS_MACCATALYST = NO;
				SUPPORTS_MAC_DESIGNED_FOR_IPHONE_IPAD = NO;
				SUPPORTS_XR_DESIGNED_FOR_IPHONE_IPAD = NO;
				SWIFT_EMIT_LOC_STRINGS = YES;
				SWIFT_VERSION = 5.0;
				TARGETED_DEVICE_FAMILY = 1;
			};
			name = Release;
		};
/* End XCBuildConfiguration section */

/* Begin XCConfigurationList section */
		5422F2CF2C12BE210093932B /* Build configuration list for PBXProject "Tamagotchi" */ = {
			isa = XCConfigurationList;
			buildConfigurations = (
				5422F2E62C12BE230093932B /* Debug */,
				5422F2E72C12BE230093932B /* Release */,
			);
			defaultConfigurationIsVisible = 0;
			defaultConfigurationName = Release;
		};
		5422F2E82C12BE230093932B /* Build configuration list for PBXNativeTarget "Tamagotchi" */ = {
			isa = XCConfigurationList;
			buildConfigurations = (
				5422F2E92C12BE230093932B /* Debug */,
				5422F2EA2C12BE230093932B /* Release */,
			);
			defaultConfigurationIsVisible = 0;
			defaultConfigurationName = Release;
		};
/* End XCConfigurationList section */

/* Begin XCRemoteSwiftPackageReference section */
		544BE7DE2C12C29300F2D4E9 /* XCRemoteSwiftPackageReference "SnapKit" */ = {
			isa = XCRemoteSwiftPackageReference;
			repositoryURL = "https://github.com/SnapKit/SnapKit";
			requirement = {
				kind = upToNextMajorVersion;
				minimumVersion = 5.7.1;
			};
		};
/* End XCRemoteSwiftPackageReference section */

/* Begin XCSwiftPackageProductDependency section */
		544BE7DF2C12C29300F2D4E9 /* SnapKit */ = {
			isa = XCSwiftPackageProductDependency;
			package = 544BE7DE2C12C29300F2D4E9 /* XCRemoteSwiftPackageReference "SnapKit" */;
			productName = SnapKit;
		};
/* End XCSwiftPackageProductDependency section */
	};
	rootObject = 5422F2CC2C12BE210093932B /* Project object */;
}
